
Microsoft Visual Studio Solution File, Format Version 12.00
# Visual Studio Version 17
VisualStudioVersion = 17.2.32602.215
MinimumVisualStudioVersion = 10.0.40219.1
Project("{FAE04EC0-301F-11D3-BF4B-00C04F79EFBC}") = "CodelandUsernameValidation", "CodelandUsernameValidation\CodelandUsernameValidation.csproj", "{F53A3417-C4B0-4018-B143-E485BF9349BD}"
EndProject
Project("{FAE04EC0-301F-11D3-BF4B-00C04F79EFBC}") = "BracketCombinations", "BracketCombinations\BracketCombinations.csproj", "{21C77F5F-7B29-419B-B095-1E12D1976B5D}"
EndProject
Project("{FAE04EC0-301F-11D3-BF4B-00C04F79EFBC}") = "FirstReverse", "FirstReverse\FirstReverse.csproj", "{1B0439B0-745D-4B1C-869B-22BD26B10951}"
EndProject
Global
	GlobalSection(SolutionConfigurationPlatforms) = preSolution
		Debug|Any CPU = Debug|Any CPU
		Release|Any CPU = Release|Any CPU
	EndGlobalSection
	GlobalSection(ProjectConfigurationPlatforms) = postSolution
		{F53A3417-C4B0-4018-B143-E485BF9349BD}.Debug|Any CPU.ActiveCfg = Debug|Any CPU
		{F53A3417-C4B0-4018-B143-E485BF9349BD}.Debug|Any CPU.Build.0 = Debug|Any CPU
		{F53A3417-C4B0-4018-B143-E485BF9349BD}.Release|Any CPU.ActiveCfg = Release|Any CPU
		{F53A3417-C4B0-4018-B143-E485BF9349BD}.Release|Any CPU.Build.0 = Release|Any CPU
		{21C77F5F-7B29-419B-B095-1E12D1976B5D}.Debug|Any CPU.ActiveCfg = Debug|Any CPU
		{21C77F5F-7B29-419B-B095-1E12D1976B5D}.Debug|Any CPU.Build.0 = Debug|Any CPU
		{21C77F5F-7B29-419B-B095-1E12D1976B5D}.Release|Any CPU.ActiveCfg = Release|Any CPU
		{21C77F5F-7B29-419B-B095-1E12D1976B5D}.Release|Any CPU.Build.0 = Release|Any CPU
		{1B0439B0-745D-4B1C-869B-22BD26B10951}.Debug|Any CPU.ActiveCfg = Debug|Any CPU
		{1B0439B0-745D-4B1C-869B-22BD26B10951}.Debug|Any CPU.Build.0 = Debug|Any CPU
		{1B0439B0-745D-4B1C-869B-22BD26B10951}.Release|Any CPU.ActiveCfg = Release|Any CPU
		{1B0439B0-745D-4B1C-869B-22BD26B10951}.Release|Any CPU.Build.0 = Release|Any CPU
	EndGlobalSection
	GlobalSection(SolutionProperties) = preSolution
		HideSolutionNode = FALSE
	EndGlobalSection
	GlobalSection(ExtensibilityGlobals) = postSolution
		SolutionGuid = {66EB4982-D3CC-4E12-98E5-E79593116DBC}
	EndGlobalSection
EndGlobal
